
Microsoft Visual Studio Solution File, Format Version 12.00
# Visual Studio 2013
VisualStudioVersion = 12.0.40629.0
MinimumVisualStudioVersion = 10.0.40219.1
Project("{8BC9CEB8-8B4A-11D0-8D11-00A0C91BC942}") = "milk", "milk\milk.vcxproj", "{891F01CF-766E-4FE5-98C1-BC703DC869AF}"
EndProject
Project("{8BC9CEB8-8B4A-11D0-8D11-00A0C91BC942}") = "barn1", "barn1\barn1.vcxproj", "{B9A16377-C828-4101-96AF-1B51BA00C2C7}"
EndProject
Project("{8BC9CEB8-8B4A-11D0-8D11-00A0C91BC942}") = "crypt1", "crypt1\crypt1.vcxproj", "{AC072A3D-5108-4393-A3A4-E92E8DE54A4D}"
EndProject
Project("{8BC9CEB8-8B4A-11D0-8D11-00A0C91BC942}") = "combo", "combo\combo.vcxproj", "{B8E9A2D1-B31C-4F65-B7AD-4AC838718EB7}"
EndProject
Project("{8BC9CEB8-8B4A-11D0-8D11-00A0C91BC942}") = "wormhole", "wormhole\wormhole.vcxproj", "{B03EF35A-6894-4370-A067-CCF3D52D3292}"
EndProject
Global
	GlobalSection(SolutionConfigurationPlatforms) = preSolution
		Debug|Win32 = Debug|Win32
		Release|Win32 = Release|Win32
	EndGlobalSection
	GlobalSection(ProjectConfigurationPlatforms) = postSolution
		{891F01CF-766E-4FE5-98C1-BC703DC869AF}.Debug|Win32.ActiveCfg = Debug|Win32
		{891F01CF-766E-4FE5-98C1-BC703DC869AF}.Debug|Win32.Build.0 = Debug|Win32
		{891F01CF-766E-4FE5-98C1-BC703DC869AF}.Release|Win32.ActiveCfg = Release|Win32
		{891F01CF-766E-4FE5-98C1-BC703DC869AF}.Release|Win32.Build.0 = Release|Win32
		{B9A16377-C828-4101-96AF-1B51BA00C2C7}.Debug|Win32.ActiveCfg = Debug|Win32
		{B9A16377-C828-4101-96AF-1B51BA00C2C7}.Debug|Win32.Build.0 = Debug|Win32
		{B9A16377-C828-4101-96AF-1B51BA00C2C7}.Release|Win32.ActiveCfg = Release|Win32
		{B9A16377-C828-4101-96AF-1B51BA00C2C7}.Release|Win32.Build.0 = Release|Win32
		{AC072A3D-5108-4393-A3A4-E92E8DE54A4D}.Debug|Win32.ActiveCfg = Debug|Win32
		{AC072A3D-5108-4393-A3A4-E92E8DE54A4D}.Debug|Win32.Build.0 = Debug|Win32
		{AC072A3D-5108-4393-A3A4-E92E8DE54A4D}.Release|Win32.ActiveCfg = Release|Win32
		{AC072A3D-5108-4393-A3A4-E92E8DE54A4D}.Release|Win32.Build.0 = Release|Win32
		{B8E9A2D1-B31C-4F65-B7AD-4AC838718EB7}.Debug|Win32.ActiveCfg = Debug|Win32
		{B8E9A2D1-B31C-4F65-B7AD-4AC838718EB7}.Debug|Win32.Build.0 = Debug|Win32
		{B8E9A2D1-B31C-4F65-B7AD-4AC838718EB7}.Release|Win32.ActiveCfg = Release|Win32
		{B8E9A2D1-B31C-4F65-B7AD-4AC838718EB7}.Release|Win32.Build.0 = Release|Win32
		{B03EF35A-6894-4370-A067-CCF3D52D3292}.Debug|Win32.ActiveCfg = Debug|Win32
		{B03EF35A-6894-4370-A067-CCF3D52D3292}.Debug|Win32.Build.0 = Debug|Win32
		{B03EF35A-6894-4370-A067-CCF3D52D3292}.Release|Win32.ActiveCfg = Release|Win32
		{B03EF35A-6894-4370-A067-CCF3D52D3292}.Release|Win32.Build.0 = Release|Win32
	EndGlobalSection
	GlobalSection(SolutionProperties) = preSolution
		HideSolutionNode = FALSE
	EndGlobalSection
EndGlobal
